
Microsoft Visual Studio Solution File, Format Version 12.00
# Visual Studio Version 17
VisualStudioVersion = 17.5.33530.505
MinimumVisualStudioVersion = 10.0.40219.1
Project("{FAE04EC0-301F-11D3-BF4B-00C04F79EFBC}") = "BookStore Application", "BookStore Application.csproj", "{1D319929-4266-40C2-8F37-D5322F98C69F}"
EndProject
Global
	GlobalSection(SolutionConfigurationPlatforms) = preSolution
		Debug|Any CPU = Debug|Any CPU
		Release|Any CPU = Release|Any CPU
	EndGlobalSection
	GlobalSection(ProjectConfigurationPlatforms) = postSolution
		{1D319929-4266-40C2-8F37-D5322F98C69F}.Debug|Any CPU.ActiveCfg = Debug|Any CPU
		{1D319929-4266-40C2-8F37-D5322F98C69F}.Debug|Any CPU.Build.0 = Debug|Any CPU
		{1D319929-4266-40C2-8F37-D5322F98C69F}.Release|Any CPU.ActiveCfg = Release|Any CPU
		{1D319929-4266-40C2-8F37-D5322F98C69F}.Release|Any CPU.Build.0 = Release|Any CPU
	EndGlobalSection
	GlobalSection(SolutionProperties) = preSolution
		HideSolutionNode = FALSE
	EndGlobalSection
	GlobalSection(ExtensibilityGlobals) = postSolution
		SolutionGuid = {30C30CCC-10A6-42A6-A03E-2F9C5352DCFC}
	EndGlobalSection
EndGlobal
