
Microsoft Visual Studio Solution File, Format Version 12.00
# Visual Studio Version 17
VisualStudioVersion = 17.6.33815.320
MinimumVisualStudioVersion = 10.0.40219.1
Project("{FAE04EC0-301F-11D3-BF4B-00C04F79EFBC}") = "SOS Classic game", "SOS Classic game.csproj", "{ED503C5E-9CFF-4672-B045-A6C4317E09AE}"
EndProject
Global
	GlobalSection(SolutionConfigurationPlatforms) = preSolution
		Debug|Any CPU = Debug|Any CPU
		Release|Any CPU = Release|Any CPU
	EndGlobalSection
	GlobalSection(ProjectConfigurationPlatforms) = postSolution
		{ED503C5E-9CFF-4672-B045-A6C4317E09AE}.Debug|Any CPU.ActiveCfg = Debug|Any CPU
		{ED503C5E-9CFF-4672-B045-A6C4317E09AE}.Debug|Any CPU.Build.0 = Debug|Any CPU
		{ED503C5E-9CFF-4672-B045-A6C4317E09AE}.Release|Any CPU.ActiveCfg = Release|Any CPU
		{ED503C5E-9CFF-4672-B045-A6C4317E09AE}.Release|Any CPU.Build.0 = Release|Any CPU
	EndGlobalSection
	GlobalSection(SolutionProperties) = preSolution
		HideSolutionNode = FALSE
	EndGlobalSection
	GlobalSection(ExtensibilityGlobals) = postSolution
		SolutionGuid = {81B56BA9-C0C3-46E8-9196-7BB616795908}
	EndGlobalSection
EndGlobal
